{
  "name": "@rosenfan/matrix",
  "version": "0.1.3",
  "lockfileVersion": 3,
  "requires": true,
  "packages": {
    "": {
      "name": "@rosenfan/matrix",
      "version": "0.1.3",
      "license": "MIT",
      "bin": {
        "matrix": "bin/matrix.js"
      },
      "engines": {
        "node": ">=18"
      }
    }
  }
}
